// !$*UTF8*$!
{
	archiveVersion = 1;
	classes = {
	};
	objectVersion = 46;
	objects = {

/* Begin PBXBuildFile section */
		63C8403B1EE59CD700C74520 /* Xgen.framework in Frameworks */ = {isa = PBXBuildFile; fileRef = 63C840311EE59CD700C74520 /* Xgen.framework */; };
		63C840501EE59D0400C74520 /* Generatable.swift in Sources */ = {isa = PBXBuildFile; fileRef = 63C8404B1EE59D0400C74520 /* Generatable.swift */; };
		63C840511EE59D0400C74520 /* Playground.swift in Sources */ = {isa = PBXBuildFile; fileRef = 63C8404C1EE59D0400C74520 /* Playground.swift */; };
		63C840521EE59D0400C74520 /* String+Xgen.swift in Sources */ = {isa = PBXBuildFile; fileRef = 63C8404D1EE59D0400C74520 /* String+Xgen.swift */; };
		63C840531EE59D0400C74520 /* Workspace.swift in Sources */ = {isa = PBXBuildFile; fileRef = 63C8404E1EE59D0400C74520 /* Workspace.swift */; };
		63C840541EE59D0400C74520 /* XgenError.swift in Sources */ = {isa = PBXBuildFile; fileRef = 63C8404F1EE59D0400C74520 /* XgenError.swift */; };
		63C840571EE59D1600C74520 /* Files.framework in Frameworks */ = {isa = PBXBuildFile; fileRef = 63C840561EE59D1600C74520 /* Files.framework */; };
		63C8405C1EE59D7500C74520 /* ShellOut.swift in Sources */ = {isa = PBXBuildFile; fileRef = 63C840581EE59D4B00C74520 /* ShellOut.swift */; };
		63C8405D1EE59DB300C74520 /* XgenTests.swift in Sources */ = {isa = PBXBuildFile; fileRef = 63C840591EE59D4B00C74520 /* XgenTests.swift */; };
		63C8405E1EE5A00F00C74520 /* Files.framework in Frameworks */ = {isa = PBXBuildFile; fileRef = 63C840561EE59D1600C74520 /* Files.framework */; };
/* End PBXBuildFile section */

/* Begin PBXContainerItemProxy section */
		63C8403C1EE59CD700C74520 /* PBXContainerItemProxy */ = {
			isa = PBXContainerItemProxy;
			containerPortal = 63C840261EE59CBF00C74520 /* Project object */;
			proxyType = 1;
			remoteGlobalIDString = 63C840301EE59CD700C74520;
			remoteInfo = Xgen;
		};
/* End PBXContainerItemProxy section */

/* Begin PBXFileReference section */
		63C840311EE59CD700C74520 /* Xgen.framework */ = {isa = PBXFileReference; explicitFileType = wrapper.framework; includeInIndex = 0; path = Xgen.framework; sourceTree = BUILT_PRODUCTS_DIR; };
		63C840351EE59CD700C74520 /* Info.plist */ = {isa = PBXFileReference; lastKnownFileType = text.plist; path = Info.plist; sourceTree = "<group>"; };
		63C8403A1EE59CD700C74520 /* XgenTests.xctest */ = {isa = PBXFileReference; explicitFileType = wrapper.cfbundle; includeInIndex = 0; path = XgenTests.xctest; sourceTree = BUILT_PRODUCTS_DIR; };
		63C840411EE59CD700C74520 /* TestsInfo.plist */ = {isa = PBXFileReference; lastKnownFileType = text.plist; path = TestsInfo.plist; sourceTree = "<group>"; };
		63C8404B1EE59D0400C74520 /* Generatable.swift */ = {isa = PBXFileReference; fileEncoding = 4; lastKnownFileType = sourcecode.swift; name = Generatable.swift; path = Sources/Generatable.swift; sourceTree = SOURCE_ROOT; };
		63C8404C1EE59D0400C74520 /* Playground.swift */ = {isa = PBXFileReference; fileEncoding = 4; lastKnownFileType = sourcecode.swift; name = Playground.swift; path = Sources/Playground.swift; sourceTree = SOURCE_ROOT; };
		63C8404D1EE59D0400C74520 /* String+Xgen.swift */ = {isa = PBXFileReference; fileEncoding = 4; lastKnownFileType = sourcecode.swift; name = "String+Xgen.swift"; path = "Sources/String+Xgen.swift"; sourceTree = SOURCE_ROOT; };
		63C8404E1EE59D0400C74520 /* Workspace.swift */ = {isa = PBXFileReference; fileEncoding = 4; lastKnownFileType = sourcecode.swift; name = Workspace.swift; path = Sources/Workspace.swift; sourceTree = SOURCE_ROOT; };
		63C8404F1EE59D0400C74520 /* XgenError.swift */ = {isa = PBXFileReference; fileEncoding = 4; lastKnownFileType = sourcecode.swift; name = XgenError.swift; path = Sources/XgenError.swift; sourceTree = SOURCE_ROOT; };
		63C840561EE59D1600C74520 /* Files.framework */ = {isa = PBXFileReference; lastKnownFileType = wrapper.framework; name = Files.framework; path = Carthage/Build/Mac/Files.framework; sourceTree = "<group>"; };
		63C840581EE59D4B00C74520 /* ShellOut.swift */ = {isa = PBXFileReference; fileEncoding = 4; lastKnownFileType = sourcecode.swift; name = ShellOut.swift; path = Tests/XgenTests/ShellOut.swift; sourceTree = SOURCE_ROOT; };
		63C840591EE59D4B00C74520 /* XgenTests.swift */ = {isa = PBXFileReference; fileEncoding = 4; lastKnownFileType = sourcecode.swift; name = XgenTests.swift; path = Tests/XgenTests/XgenTests.swift; sourceTree = SOURCE_ROOT; };
/* End PBXFileReference section */

/* Begin PBXFrameworksBuildPhase section */
		63C8402D1EE59CD700C74520 /* Frameworks */ = {
			isa = PBXFrameworksBuildPhase;
			buildActionMask = 2147483647;
			files = (
				63C840571EE59D1600C74520 /* Files.framework in Frameworks */,
			);
			runOnlyForDeploymentPostprocessing = 0;
		};
		63C840371EE59CD700C74520 /* Frameworks */ = {
			isa = PBXFrameworksBuildPhase;
			buildActionMask = 2147483647;
			files = (
				63C8405E1EE5A00F00C74520 /* Files.framework in Frameworks */,
				63C8403B1EE59CD700C74520 /* Xgen.framework in Frameworks */,
			);
			runOnlyForDeploymentPostprocessing = 0;
		};
/* End PBXFrameworksBuildPhase section */

/* Begin PBXGroup section */
		63C840251EE59CBF00C74520 = {
			isa = PBXGroup;
			children = (
				63C840551EE59D0900C74520 /* Source */,
				63C8403E1EE59CD700C74520 /* Tests */,
				63C840561EE59D1600C74520 /* Files.framework */,
				63C840321EE59CD700C74520 /* Products */,
			);
			sourceTree = "<group>";
		};
		63C840321EE59CD700C74520 /* Products */ = {
			isa = PBXGroup;
			children = (
				63C840311EE59CD700C74520 /* Xgen.framework */,
				63C8403A1EE59CD700C74520 /* XgenTests.xctest */,
			);
			name = Products;
			sourceTree = "<group>";
		};
		63C8403E1EE59CD700C74520 /* Tests */ = {
			isa = PBXGroup;
			children = (
				63C840411EE59CD700C74520 /* TestsInfo.plist */,
				63C840581EE59D4B00C74520 /* ShellOut.swift */,
				63C840591EE59D4B00C74520 /* XgenTests.swift */,
			);
			name = Tests;
			path = XgenTests;
			sourceTree = "<group>";
		};
		63C840551EE59D0900C74520 /* Source */ = {
			isa = PBXGroup;
			children = (
				63C840351EE59CD700C74520 /* Info.plist */,
				63C8404B1EE59D0400C74520 /* Generatable.swift */,
				63C8404C1EE59D0400C74520 /* Playground.swift */,
				63C8404D1EE59D0400C74520 /* String+Xgen.swift */,
				63C8404E1EE59D0400C74520 /* Workspace.swift */,
				63C8404F1EE59D0400C74520 /* XgenError.swift */,
			);
			name = Source;
			path = Xgen;
			sourceTree = "<group>";
		};
/* End PBXGroup section */

/* Begin PBXNativeTarget section */
		63C840301EE59CD700C74520 /* Xgen */ = {
			isa = PBXNativeTarget;
			buildConfigurationList = 63C840471EE59CD700C74520 /* Build configuration list for PBXNativeTarget "Xgen" */;
			buildPhases = (
				63C8402C1EE59CD700C74520 /* Sources */,
				63C8402D1EE59CD700C74520 /* Frameworks */,
				63C8402F1EE59CD700C74520 /* Resources */,
			);
			buildRules = (
			);
			dependencies = (
			);
			name = Xgen;
			productName = Xgen;
			productReference = 63C840311EE59CD700C74520 /* Xgen.framework */;
			productType = "com.apple.product-type.framework";
		};
		63C840391EE59CD700C74520 /* XgenTests */ = {
			isa = PBXNativeTarget;
			buildConfigurationList = 63C840481EE59CD700C74520 /* Build configuration list for PBXNativeTarget "XgenTests" */;
			buildPhases = (
				63C840361EE59CD700C74520 /* Sources */,
				63C840371EE59CD700C74520 /* Frameworks */,
				63C840381EE59CD700C74520 /* Resources */,
			);
			buildRules = (
			);
			dependencies = (
				63C8403D1EE59CD700C74520 /* PBXTargetDependency */,
			);
			name = XgenTests;
			productName = XgenTests;
			productReference = 63C8403A1EE59CD700C74520 /* XgenTests.xctest */;
			productType = "com.apple.product-type.bundle.unit-test";
		};
/* End PBXNativeTarget section */

/* Begin PBXProject section */
		63C840261EE59CBF00C74520 /* Project object */ = {
			isa = PBXProject;
			attributes = {
				LastSwiftUpdateCheck = 0830;
				LastUpgradeCheck = 0830;
				TargetAttributes = {
					63C840301EE59CD700C74520 = {
						CreatedOnToolsVersion = 8.3.2;
						LastSwiftMigration = 0830;
						ProvisioningStyle = Automatic;
					};
					63C840391EE59CD700C74520 = {
						CreatedOnToolsVersion = 8.3.2;
						LastSwiftMigration = 0830;
						ProvisioningStyle = Automatic;
					};
				};
			};
			buildConfigurationList = 63C840291EE59CBF00C74520 /* Build configuration list for PBXProject "Xgen" */;
			compatibilityVersion = "Xcode 3.2";
			developmentRegion = English;
			hasScannedForEncodings = 0;
			knownRegions = (
				en,
			);
			mainGroup = 63C840251EE59CBF00C74520;
			productRefGroup = 63C840321EE59CD700C74520 /* Products */;
			projectDirPath = "";
			projectRoot = "";
			targets = (
				63C840301EE59CD700C74520 /* Xgen */,
				63C840391EE59CD700C74520 /* XgenTests */,
			);
		};
/* End PBXProject section */

/* Begin PBXResourcesBuildPhase section */
		63C8402F1EE59CD700C74520 /* Resources */ = {
			isa = PBXResourcesBuildPhase;
			buildActionMask = 2147483647;
			files = (
			);
			runOnlyForDeploymentPostprocessing = 0;
		};
		63C840381EE59CD700C74520 /* Resources */ = {
			isa = PBXResourcesBuildPhase;
			buildActionMask = 2147483647;
			files = (
			);
			runOnlyForDeploymentPostprocessing = 0;
		};
/* End PBXResourcesBuildPhase section */

/* Begin PBXSourcesBuildPhase section */
		63C8402C1EE59CD700C74520 /* Sources */ = {
			isa = PBXSourcesBuildPhase;
			buildActionMask = 2147483647;
			files = (
				63C840521EE59D0400C74520 /* String+Xgen.swift in Sources */,
				63C840531EE59D0400C74520 /* Workspace.swift in Sources */,
				63C840541EE59D0400C74520 /* XgenError.swift in Sources */,
				63C840511EE59D0400C74520 /* Playground.swift in Sources */,
				63C840501EE59D0400C74520 /* Generatable.swift in Sources */,
			);
			runOnlyForDeploymentPostprocessing = 0;
		};
		63C840361EE59CD700C74520 /* Sources */ = {
			isa = PBXSourcesBuildPhase;
			buildActionMask = 2147483647;
			files = (
				63C8405C1EE59D7500C74520 /* ShellOut.swift in Sources */,
				63C8405D1EE59DB300C74520 /* XgenTests.swift in Sources */,
			);
			runOnlyForDeploymentPostprocessing = 0;
		};
/* End PBXSourcesBuildPhase section */

/* Begin PBXTargetDependency section */
		63C8403D1EE59CD700C74520 /* PBXTargetDependency */ = {
			isa = PBXTargetDependency;
			target = 63C840301EE59CD700C74520 /* Xgen */;
			targetProxy = 63C8403C1EE59CD700C74520 /* PBXContainerItemProxy */;
		};
/* End PBXTargetDependency section */

/* Begin XCBuildConfiguration section */
		63C8402A1EE59CBF00C74520 /* Debug */ = {
			isa = XCBuildConfiguration;
			buildSettings = {
			};
			name = Debug;
		};
		63C8402B1EE59CBF00C74520 /* Release */ = {
			isa = XCBuildConfiguration;
			buildSettings = {
			};
			name = Release;
		};
		63C840431EE59CD700C74520 /* Debug */ = {
			isa = XCBuildConfiguration;
			buildSettings = {
				ALWAYS_SEARCH_USER_PATHS = NO;
				CLANG_ANALYZER_NONNULL = YES;
				CLANG_ANALYZER_NUMBER_OBJECT_CONVERSION = YES_AGGRESSIVE;
				CLANG_CXX_LANGUAGE_STANDARD = "gnu++0x";
				CLANG_CXX_LIBRARY = "libc++";
				CLANG_ENABLE_MODULES = YES;
				CLANG_ENABLE_OBJC_ARC = YES;
				CLANG_WARN_BOOL_CONVERSION = YES;
				CLANG_WARN_CONSTANT_CONVERSION = YES;
				CLANG_WARN_DIRECT_OBJC_ISA_USAGE = YES_ERROR;
				CLANG_WARN_DOCUMENTATION_COMMENTS = YES;
				CLANG_WARN_EMPTY_BODY = YES;
				CLANG_WARN_ENUM_CONVERSION = YES;
				CLANG_WARN_INFINITE_RECURSION = YES;
				CLANG_WARN_INT_CONVERSION = YES;
				CLANG_WARN_OBJC_ROOT_CLASS = YES_ERROR;
				CLANG_WARN_SUSPICIOUS_MOVE = YES;
				CLANG_WARN_UNREACHABLE_CODE = YES;
				CLANG_WARN__DUPLICATE_METHOD_MATCH = YES;
				CODE_SIGN_IDENTITY = "-";
				COMBINE_HIDPI_IMAGES = YES;
				COPY_PHASE_STRIP = NO;
				CURRENT_PROJECT_VERSION = 1;
				DEBUG_INFORMATION_FORMAT = dwarf;
				DEFINES_MODULE = YES;
				DYLIB_COMPATIBILITY_VERSION = 1;
				DYLIB_CURRENT_VERSION = 1;
				DYLIB_INSTALL_NAME_BASE = "@rpath";
				ENABLE_STRICT_OBJC_MSGSEND = YES;
				ENABLE_TESTABILITY = YES;
				FRAMEWORK_SEARCH_PATHS = (
					"$(inherited)",
					"$(PROJECT_DIR)/Carthage/Build/Mac",
				);
				FRAMEWORK_VERSION = A;
				GCC_C_LANGUAGE_STANDARD = gnu99;
				GCC_DYNAMIC_NO_PIC = NO;
				GCC_NO_COMMON_BLOCKS = YES;
				GCC_OPTIMIZATION_LEVEL = 0;
				GCC_PREPROCESSOR_DEFINITIONS = (
					"DEBUG=1",
					"$(inherited)",
				);
				GCC_WARN_64_TO_32_BIT_CONVERSION = YES;
				GCC_WARN_ABOUT_RETURN_TYPE = YES_ERROR;
				GCC_WARN_UNDECLARED_SELECTOR = YES;
				GCC_WARN_UNINITIALIZED_AUTOS = YES_AGGRESSIVE;
				GCC_WARN_UNUSED_FUNCTION = YES;
				GCC_WARN_UNUSED_VARIABLE = YES;
				INFOPLIST_FILE = Info.plist;
				INSTALL_PATH = "$(LOCAL_LIBRARY_DIR)/Frameworks";
				LD_RUNPATH_SEARCH_PATHS = "$(inherited) @executable_path/../Frameworks @loader_path/Frameworks";
				MACOSX_DEPLOYMENT_TARGET = 10.12;
				MTL_ENABLE_DEBUG_INFO = YES;
				ONLY_ACTIVE_ARCH = YES;
				PRODUCT_BUNDLE_IDENTIFIER = com.sobolev.Xgen;
				PRODUCT_NAME = "$(TARGET_NAME)";
				SDKROOT = macosx;
				SKIP_INSTALL = YES;
				SWIFT_ACTIVE_COMPILATION_CONDITIONS = DEBUG;
				SWIFT_OPTIMIZATION_LEVEL = "-Onone";
				SWIFT_VERSION = 3.0;
				VERSIONING_SYSTEM = "apple-generic";
				VERSION_INFO_PREFIX = "";
			};
			name = Debug;
		};
		63C840441EE59CD700C74520 /* Release */ = {
			isa = XCBuildConfiguration;
			buildSettings = {
				ALWAYS_SEARCH_USER_PATHS = NO;
				CLANG_ANALYZER_NONNULL = YES;
				CLANG_ANALYZER_NUMBER_OBJECT_CONVERSION = YES_AGGRESSIVE;
				CLANG_CXX_LANGUAGE_STANDARD = "gnu++0x";
				CLANG_CXX_LIBRARY = "libc++";
				CLANG_ENABLE_MODULES = YES;
				CLANG_ENABLE_OBJC_ARC = YES;
				CLANG_WARN_BOOL_CONVERSION = YES;
				CLANG_WARN_CONSTANT_CONVERSION = YES;
				CLANG_WARN_DIRECT_OBJC_ISA_USAGE = YES_ERROR;
				CLANG_WARN_DOCUMENTATION_COMMENTS = YES;
				CLANG_WARN_EMPTY_BODY = YES;
				CLANG_WARN_ENUM_CONVERSION = YES;
				CLANG_WARN_INFINITE_RECURSION = YES;
				CLANG_WARN_INT_CONVERSION = YES;
				CLANG_WARN_OBJC_ROOT_CLASS = YES_ERROR;
				CLANG_WARN_SUSPICIOUS_MOVE = YES;
				CLANG_WARN_UNREACHABLE_CODE = YES;
				CLANG_WARN__DUPLICATE_METHOD_MATCH = YES;
				CODE_SIGN_IDENTITY = "-";
				COMBINE_HIDPI_IMAGES = YES;
				COPY_PHASE_STRIP = NO;
				CURRENT_PROJECT_VERSION = 1;
				DEBUG_INFORMATION_FORMAT = "dwarf-with-dsym";
				DEFINES_MODULE = YES;
				DYLIB_COMPATIBILITY_VERSION = 1;
				DYLIB_CURRENT_VERSION = 1;
				DYLIB_INSTALL_NAME_BASE = "@rpath";
				ENABLE_NS_ASSERTIONS = NO;
				ENABLE_STRICT_OBJC_MSGSEND = YES;
				FRAMEWORK_SEARCH_PATHS = (
					"$(inherited)",
					"$(PROJECT_DIR)/Carthage/Build/Mac",
				);
				FRAMEWORK_VERSION = A;
				GCC_C_LANGUAGE_STANDARD = gnu99;
				GCC_NO_COMMON_BLOCKS = YES;
				GCC_WARN_64_TO_32_BIT_CONVERSION = YES;
				GCC_WARN_ABOUT_RETURN_TYPE = YES_ERROR;
				GCC_WARN_UNDECLARED_SELECTOR = YES;
				GCC_WARN_UNINITIALIZED_AUTOS = YES_AGGRESSIVE;
				GCC_WARN_UNUSED_FUNCTION = YES;
				GCC_WARN_UNUSED_VARIABLE = YES;
				INFOPLIST_FILE = Info.plist;
				INSTALL_PATH = "$(LOCAL_LIBRARY_DIR)/Frameworks";
				LD_RUNPATH_SEARCH_PATHS = "$(inherited) @executable_path/../Frameworks @loader_path/Frameworks";
				MACOSX_DEPLOYMENT_TARGET = 10.12;
				MTL_ENABLE_DEBUG_INFO = NO;
				PRODUCT_BUNDLE_IDENTIFIER = com.sobolev.Xgen;
				PRODUCT_NAME = "$(TARGET_NAME)";
				SDKROOT = macosx;
				SKIP_INSTALL = YES;
				SWIFT_OPTIMIZATION_LEVEL = "-Owholemodule";
				SWIFT_VERSION = 3.0;
				VERSIONING_SYSTEM = "apple-generic";
				VERSION_INFO_PREFIX = "";
			};
			name = Release;
		};
		63C840451EE59CD700C74520 /* Debug */ = {
			isa = XCBuildConfiguration;
			buildSettings = {
				ALWAYS_EMBED_SWIFT_STANDARD_LIBRARIES = YES;
				ALWAYS_SEARCH_USER_PATHS = NO;
				CLANG_ANALYZER_NONNULL = YES;
				CLANG_ANALYZER_NUMBER_OBJECT_CONVERSION = YES_AGGRESSIVE;
				CLANG_CXX_LANGUAGE_STANDARD = "gnu++0x";
				CLANG_CXX_LIBRARY = "libc++";
				CLANG_ENABLE_MODULES = YES;
				CLANG_ENABLE_OBJC_ARC = YES;
				CLANG_WARN_BOOL_CONVERSION = YES;
				CLANG_WARN_CONSTANT_CONVERSION = YES;
				CLANG_WARN_DIRECT_OBJC_ISA_USAGE = YES_ERROR;
				CLANG_WARN_DOCUMENTATION_COMMENTS = YES;
				CLANG_WARN_EMPTY_BODY = YES;
				CLANG_WARN_ENUM_CONVERSION = YES;
				CLANG_WARN_INFINITE_RECURSION = YES;
				CLANG_WARN_INT_CONVERSION = YES;
				CLANG_WARN_OBJC_ROOT_CLASS = YES_ERROR;
				CLANG_WARN_SUSPICIOUS_MOVE = YES;
				CLANG_WARN_UNREACHABLE_CODE = YES;
				CLANG_WARN__DUPLICATE_METHOD_MATCH = YES;
				CODE_SIGN_IDENTITY = "-";
				COMBINE_HIDPI_IMAGES = YES;
				COPY_PHASE_STRIP = NO;
				DEBUG_INFORMATION_FORMAT = dwarf;
				ENABLE_STRICT_OBJC_MSGSEND = YES;
				ENABLE_TESTABILITY = YES;
				FRAMEWORK_SEARCH_PATHS = (
					"$(inherited)",
					"$(PROJECT_DIR)/Carthage/Build/Mac",
				);
				GCC_C_LANGUAGE_STANDARD = gnu99;
				GCC_DYNAMIC_NO_PIC = NO;
				GCC_NO_COMMON_BLOCKS = YES;
				GCC_OPTIMIZATION_LEVEL = 0;
				GCC_PREPROCESSOR_DEFINITIONS = (
					"DEBUG=1",
					"$(inherited)",
				);
				GCC_WARN_64_TO_32_BIT_CONVERSION = YES;
				GCC_WARN_ABOUT_RETURN_TYPE = YES_ERROR;
				GCC_WARN_UNDECLARED_SELECTOR = YES;
				GCC_WARN_UNINITIALIZED_AUTOS = YES_AGGRESSIVE;
				GCC_WARN_UNUSED_FUNCTION = YES;
				GCC_WARN_UNUSED_VARIABLE = YES;
				INFOPLIST_FILE = TestsInfo.plist;
				LD_RUNPATH_SEARCH_PATHS = "$(inherited) @executable_path/../Frameworks @loader_path/../Frameworks $(PROJECT_DIR)/Carthage/Build/Mac";
				MACOSX_DEPLOYMENT_TARGET = 10.12;
				MTL_ENABLE_DEBUG_INFO = YES;
				ONLY_ACTIVE_ARCH = YES;
				PRODUCT_BUNDLE_IDENTIFIER = com.sobolev.XgenTests;
				PRODUCT_NAME = "$(TARGET_NAME)";
				SDKROOT = macosx;
				SWIFT_ACTIVE_COMPILATION_CONDITIONS = DEBUG;
				SWIFT_OPTIMIZATION_LEVEL = "-Onone";
				SWIFT_VERSION = 3.0;
			};
			name = Debug;
		};
		63C840461EE59CD700C74520 /* Release */ = {
			isa = XCBuildConfiguration;
			buildSettings = {
				ALWAYS_EMBED_SWIFT_STANDARD_LIBRARIES = YES;
				ALWAYS_SEARCH_USER_PATHS = NO;
				CLANG_ANALYZER_NONNULL = YES;
				CLANG_ANALYZER_NUMBER_OBJECT_CONVERSION = YES_AGGRESSIVE;
				CLANG_CXX_LANGUAGE_STANDARD = "gnu++0x";
				CLANG_CXX_LIBRARY = "libc++";
				CLANG_ENABLE_MODULES = YES;
				CLANG_ENABLE_OBJC_ARC = YES;
				CLANG_WARN_BOOL_CONVERSION = YES;
				CLANG_WARN_CONSTANT_CONVERSION = YES;
				CLANG_WARN_DIRECT_OBJC_ISA_USAGE = YES_ERROR;
				CLANG_WARN_DOCUMENTATION_COMMENTS = YES;
				CLANG_WARN_EMPTY_BODY = YES;
				CLANG_WARN_ENUM_CONVERSION = YES;
				CLANG_WARN_INFINITE_RECURSION = YES;
				CLANG_WARN_INT_CONVERSION = YES;
				CLANG_WARN_OBJC_ROOT_CLASS = YES_ERROR;
				CLANG_WARN_SUSPICIOUS_MOVE = YES;
				CLANG_WARN_UNREACHABLE_CODE = YES;
				CLANG_WARN__DUPLICATE_METHOD_MATCH = YES;
				CODE_SIGN_IDENTITY = "-";
				COMBINE_HIDPI_IMAGES = YES;
				COPY_PHASE_STRIP = NO;
				DEBUG_INFORMATION_FORMAT = "dwarf-with-dsym";
				ENABLE_NS_ASSERTIONS = NO;
				ENABLE_STRICT_OBJC_MSGSEND = YES;
				FRAMEWORK_SEARCH_PATHS = (
					"$(inherited)",
					"$(PROJECT_DIR)/Carthage/Build/Mac",
				);
				GCC_C_LANGUAGE_STANDARD = gnu99;
				GCC_NO_COMMON_BLOCKS = YES;
				GCC_WARN_64_TO_32_BIT_CONVERSION = YES;
				GCC_WARN_ABOUT_RETURN_TYPE = YES_ERROR;
				GCC_WARN_UNDECLARED_SELECTOR = YES;
				GCC_WARN_UNINITIALIZED_AUTOS = YES_AGGRESSIVE;
				GCC_WARN_UNUSED_FUNCTION = YES;
				GCC_WARN_UNUSED_VARIABLE = YES;
				INFOPLIST_FILE = TestsInfo.plist;
				LD_RUNPATH_SEARCH_PATHS = "$(inherited) @executable_path/../Frameworks @loader_path/../Frameworks $(PROJECT_DIR)/Carthage/Build/Mac";
				MACOSX_DEPLOYMENT_TARGET = 10.12;
				MTL_ENABLE_DEBUG_INFO = NO;
				PRODUCT_BUNDLE_IDENTIFIER = com.sobolev.XgenTests;
				PRODUCT_NAME = "$(TARGET_NAME)";
				SDKROOT = macosx;
				SWIFT_OPTIMIZATION_LEVEL = "-Owholemodule";
				SWIFT_VERSION = 3.0;
			};
			name = Release;
		};
/* End XCBuildConfiguration section */

/* Begin XCConfigurationList section */
		63C840291EE59CBF00C74520 /* Build configuration list for PBXProject "Xgen" */ = {
			isa = XCConfigurationList;
			buildConfigurations = (
				63C8402A1EE59CBF00C74520 /* Debug */,
				63C8402B1EE59CBF00C74520 /* Release */,
			);
			defaultConfigurationIsVisible = 0;
			defaultConfigurationName = Release;
		};
		63C840471EE59CD700C74520 /* Build configuration list for PBXNativeTarget "Xgen" */ = {
			isa = XCConfigurationList;
			buildConfigurations = (
				63C840431EE59CD700C74520 /* Debug */,
				63C840441EE59CD700C74520 /* Release */,
			);
			defaultConfigurationIsVisible = 0;
			defaultConfigurationName = Release;
		};
		63C840481EE59CD700C74520 /* Build configuration list for PBXNativeTarget "XgenTests" */ = {
			isa = XCConfigurationList;
			buildConfigurations = (
				63C840451EE59CD700C74520 /* Debug */,
				63C840461EE59CD700C74520 /* Release */,
			);
			defaultConfigurationIsVisible = 0;
			defaultConfigurationName = Release;
		};
/* End XCConfigurationList section */
	};
	rootObject = 63C840261EE59CBF00C74520 /* Project object */;
}
